
Microsoft Visual Studio Solution File, Format Version 12.00
# Visual Studio 15
VisualStudioVersion = 15.0.27428.2027
MinimumVisualStudioVersion = 10.0.40219.1
Project("{FAE04EC0-301F-11D3-BF4B-00C04F79EFBC}") = "ThreadStats", "ThreadStats\ThreadStats.csproj", "{4DBB7E71-1BA3-44DD-BF52-7338CF5FA403}"
EndProject
Global
	GlobalSection(SolutionConfigurationPlatforms) = preSolution
		Debug|Any CPU = Debug|Any CPU
		Release|Any CPU = Release|Any CPU
	EndGlobalSection
	GlobalSection(ProjectConfigurationPlatforms) = postSolution
		{4DBB7E71-1BA3-44DD-BF52-7338CF5FA403}.Debug|Any CPU.ActiveCfg = Debug|Any CPU
		{4DBB7E71-1BA3-44DD-BF52-7338CF5FA403}.Debug|Any CPU.Build.0 = Debug|Any CPU
		{4DBB7E71-1BA3-44DD-BF52-7338CF5FA403}.Release|Any CPU.ActiveCfg = Release|Any CPU
		{4DBB7E71-1BA3-44DD-BF52-7338CF5FA403}.Release|Any CPU.Build.0 = Release|Any CPU
	EndGlobalSection
	GlobalSection(SolutionProperties) = preSolution
		HideSolutionNode = FALSE
	EndGlobalSection
	GlobalSection(ExtensibilityGlobals) = postSolution
		SolutionGuid = {96E682A3-A7F6-45B0-B641-238FE11583F3}
	EndGlobalSection
EndGlobal
